<?xml version="1.0" encoding="utf-8"?>
<Project ToolsVersion="4.0" xmlns="http://schemas.microsoft.com/developer/msbuild/2003">
  <ItemGroup>
    <Filter Include="Source Files">
      <UniqueIdentifier>{4FC737F1-C7A5-4376-A066-2A32D752A2FF}</UniqueIdentifier>
      <Extensions>cpp;cxx;c;def</Extensions>
    </Filter>
    <Filter Include="Form Files">
      <UniqueIdentifier>{99349809-55BA-4b9d-BF79-8FDBB0286EB3}</UniqueIdentifier>
      <Extensions>ui</Extensions>
    </Filter>
    <Filter Include="Resource Files">
      <UniqueIdentifier>{D9D6E242-F8AF-46E4-B9FD-80ECBC20BA3E}</UniqueIdentifier>
      <Extensions>qrc;*</Extensions>
      <ParseFiles>false</ParseFiles>
    </Filter>
    <Filter Include="Generated Files">
      <UniqueIdentifier>{71ED8ED8-ACB9-4CE9-BBE1-E00B30144E11}</UniqueIdentifier>
      <Extensions>moc;h;cpp</Extensions>
      <SourceControlFiles>False</SourceControlFiles>
    </Filter>
    <Filter Include="Generated Files\Debug">
      <UniqueIdentifier>{2a193c05-2133-46ea-be91-7d104ae13752}</UniqueIdentifier>
      <Extensions>cpp;moc</Extensions>
      <SourceControlFiles>False</SourceControlFiles>
    </Filter>
    <Filter Include="Generated Files\Release">
      <UniqueIdentifier>{da9cbe39-be4c-41cf-a63c-a96d671e2cbf}</UniqueIdentifier>
      <Extensions>cpp;moc</Extensions>
      <SourceControlFiles>False</SourceControlFiles>
    </Filter>
    <Filter Include="algorithm">
      <UniqueIdentifier>{5d1aceb6-b004-4ce2-886b-38d2827a5927}</UniqueIdentifier>
    </Filter>
    <Filter Include="algorithm\tinyxml">
      <UniqueIdentifier>{f58ada6b-feb1-4787-a997-aee159d8f616}</UniqueIdentifier>
    </Filter>
    <Filter Include="algorithm\ldpmat">
      <UniqueIdentifier>{c2aed9cc-40a3-4ba6-973d-5debd4879049}</UniqueIdentifier>
    </Filter>
    <Filter Include="algorithm\conv">
      <UniqueIdentifier>{6f0295c9-41d5-42b2-9b47-08acf0a18381}</UniqueIdentifier>
    </Filter>
    <Filter Include="algorithm\qtxlsx">
      <UniqueIdentifier>{c7cb4977-2252-4825-a04b-803dd7c17041}</UniqueIdentifier>
    </Filter>
  </ItemGroup>
  <ItemGroup>
    <ClCompile Include="main.cpp">
      <Filter>Source Files</Filter>
    </ClCompile>
    <ClCompile Include="patternlabelui.cpp">
      <Filter>Source Files</Filter>
    </ClCompile>
    <ClCompile Include="GeneratedFiles\Debug\moc_patternlabelui.cpp">
      <Filter>Generated Files\Debug</Filter>
    </ClCompile>
    <ClCompile Include="GeneratedFiles\Release\moc_patternlabelui.cpp">
      <Filter>Generated Files\Release</Filter>
    </ClCompile>
    <ClCompile Include="GeneratedFiles\qrc_patternlabelui.cpp">
      <Filter>Generated Files</Filter>
    </ClCompile>
    <ClCompile Include="GeneratedFiles\qrc_style.cpp">
      <Filter>Generated Files</Filter>
    </ClCompile>
    <ClCompile Include="algorithm\global_data_holder.cpp">
      <Filter>algorithm</Filter>
    </ClCompile>
    <ClCompile Include="algorithm\qimdebug.cpp">
      <Filter>algorithm</Filter>
    </ClCompile>
    <ClCompile Include="algorithm\util.cpp">
      <Filter>algorithm</Filter>
    </ClCompile>
    <ClCompile Include="algorithm\tinyxml\tinystr.cpp">
      <Filter>algorithm\tinyxml</Filter>
    </ClCompile>
    <ClCompile Include="algorithm\tinyxml\tinyxml.cpp">
      <Filter>algorithm\tinyxml</Filter>
    </ClCompile>
    <ClCompile Include="algorithm\tinyxml\tinyxmlerror.cpp">
      <Filter>algorithm\tinyxml</Filter>
    </ClCompile>
    <ClCompile Include="algorithm\tinyxml\tinyxmlparser.cpp">
      <Filter>algorithm\tinyxml</Filter>
    </ClCompile>
    <ClCompile Include="ImageViewer.cpp">
      <Filter>Source Files</Filter>
    </ClCompile>
    <ClCompile Include="algorithm\conv\Convolution_Helper.cpp">
      <Filter>algorithm\conv</Filter>
    </ClCompile>
    <ClCompile Include="algorithm\conv\ConvolutionPyramid.cpp">
      <Filter>algorithm\conv</Filter>
    </ClCompile>
    <ClCompile Include="algorithm\conv\ImageData.cpp">
      <Filter>algorithm\conv</Filter>
    </ClCompile>
    <ClCompile Include="algorithm\PatternImageInfo.cpp">
      <Filter>algorithm</Filter>
    </ClCompile>
    <ClCompile Include="algorithm\qtxlsx\xlsxabstractooxmlfile.cpp">
      <Filter>algorithm\qtxlsx</Filter>
    </ClCompile>
    <ClCompile Include="algorithm\qtxlsx\xlsxabstractsheet.cpp">
      <Filter>algorithm\qtxlsx</Filter>
    </ClCompile>
    <ClCompile Include="algorithm\qtxlsx\xlsxcell.cpp">
      <Filter>algorithm\qtxlsx</Filter>
    </ClCompile>
    <ClCompile Include="algorithm\qtxlsx\xlsxcellformula.cpp">
      <Filter>algorithm\qtxlsx</Filter>
    </ClCompile>
    <ClCompile Include="algorithm\qtxlsx\xlsxcellrange.cpp">
      <Filter>algorithm\qtxlsx</Filter>
    </ClCompile>
    <ClCompile Include="algorithm\qtxlsx\xlsxcellreference.cpp">
      <Filter>algorithm\qtxlsx</Filter>
    </ClCompile>
    <ClCompile Include="algorithm\qtxlsx\xlsxchart.cpp">
      <Filter>algorithm\qtxlsx</Filter>
    </ClCompile>
    <ClCompile Include="algorithm\qtxlsx\xlsxchartsheet.cpp">
      <Filter>algorithm\qtxlsx</Filter>
    </ClCompile>
    <ClCompile Include="algorithm\qtxlsx\xlsxcolor.cpp">
      <Filter>algorithm\qtxlsx</Filter>
    </ClCompile>
    <ClCompile Include="algorithm\qtxlsx\xlsxconditionalformatting.cpp">
      <Filter>algorithm\qtxlsx</Filter>
    </ClCompile>
    <ClCompile Include="algorithm\qtxlsx\xlsxcontenttypes.cpp">
      <Filter>algorithm\qtxlsx</Filter>
    </ClCompile>
    <ClCompile Include="algorithm\qtxlsx\xlsxdatavalidation.cpp">
      <Filter>algorithm\qtxlsx</Filter>
    </ClCompile>
    <ClCompile Include="algorithm\qtxlsx\xlsxdocpropsapp.cpp">
      <Filter>algorithm\qtxlsx</Filter>
    </ClCompile>
    <ClCompile Include="algorithm\qtxlsx\xlsxdocpropscore.cpp">
      <Filter>algorithm\qtxlsx</Filter>
    </ClCompile>
    <ClCompile Include="algorithm\qtxlsx\xlsxdocument.cpp">
      <Filter>algorithm\qtxlsx</Filter>
    </ClCompile>
    <ClCompile Include="algorithm\qtxlsx\xlsxdrawing.cpp">
      <Filter>algorithm\qtxlsx</Filter>
    </ClCompile>
    <ClCompile Include="algorithm\qtxlsx\xlsxdrawinganchor.cpp">
      <Filter>algorithm\qtxlsx</Filter>
    </ClCompile>
    <ClCompile Include="algorithm\qtxlsx\xlsxformat.cpp">
      <Filter>algorithm\qtxlsx</Filter>
    </ClCompile>
    <ClCompile Include="algorithm\qtxlsx\xlsxmediafile.cpp">
      <Filter>algorithm\qtxlsx</Filter>
    </ClCompile>
    <ClCompile Include="algorithm\qtxlsx\xlsxnumformatparser.cpp">
      <Filter>algorithm\qtxlsx</Filter>
    </ClCompile>
    <ClCompile Include="algorithm\qtxlsx\xlsxrelationships.cpp">
      <Filter>algorithm\qtxlsx</Filter>
    </ClCompile>
    <ClCompile Include="algorithm\qtxlsx\xlsxrichstring.cpp">
      <Filter>algorithm\qtxlsx</Filter>
    </ClCompile>
    <ClCompile Include="algorithm\qtxlsx\xlsxsharedstrings.cpp">
      <Filter>algorithm\qtxlsx</Filter>
    </ClCompile>
    <ClCompile Include="algorithm\qtxlsx\xlsxsimpleooxmlfile.cpp">
      <Filter>algorithm\qtxlsx</Filter>
    </ClCompile>
    <ClCompile Include="algorithm\qtxlsx\xlsxstyles.cpp">
      <Filter>algorithm\qtxlsx</Filter>
    </ClCompile>
    <ClCompile Include="algorithm\qtxlsx\xlsxtheme.cpp">
      <Filter>algorithm\qtxlsx</Filter>
    </ClCompile>
    <ClCompile Include="algorithm\qtxlsx\xlsxutility.cpp">
      <Filter>algorithm\qtxlsx</Filter>
    </ClCompile>
    <ClCompile Include="algorithm\qtxlsx\xlsxworkbook.cpp">
      <Filter>algorithm\qtxlsx</Filter>
    </ClCompile>
    <ClCompile Include="algorithm\qtxlsx\xlsxworksheet.cpp">
      <Filter>algorithm\qtxlsx</Filter>
    </ClCompile>
    <ClCompile Include="algorithm\qtxlsx\xlsxzipreader.cpp">
      <Filter>algorithm\qtxlsx</Filter>
    </ClCompile>
    <ClCompile Include="algorithm\qtxlsx\xlsxzipwriter.cpp">
      <Filter>algorithm\qtxlsx</Filter>
    </ClCompile>
    <ClCompile Include="GeneratedFiles\Release\moc_xlsxdocument.cpp">
      <Filter>Generated Files\Release</Filter>
    </ClCompile>
    <ClCompile Include="PatternWindow.cpp">
      <Filter>Source Files</Filter>
    </ClCompile>
    <ClCompile Include="GeneratedFiles\Debug\moc_PatternWindow.cpp">
      <Filter>Generated Files\Debug</Filter>
    </ClCompile>
    <ClCompile Include="GeneratedFiles\Release\moc_PatternWindow.cpp">
      <Filter>Generated Files\Release</Filter>
    </ClCompile>
  </ItemGroup>
  <ItemGroup>
    <CustomBuild Include="patternlabelui.ui">
      <Filter>Form Files</Filter>
    </CustomBuild>
    <CustomBuild Include="patternlabelui.qrc">
      <Filter>Resource Files</Filter>
    </CustomBuild>
    <CustomBuild Include="qdarkstyle\style.qrc">
      <Filter>Resource Files</Filter>
    </CustomBuild>
    <CustomBuild Include="patternlabelui.h">
      <Filter>Source Files</Filter>
    </CustomBuild>
    <CustomBuild Include="algorithm\qtxlsx\xlsxdocument.h">
      <Filter>algorithm\qtxlsx</Filter>
    </CustomBuild>
    <CustomBuild Include="PatternWindow.h">
      <Filter>Source Files</Filter>
    </CustomBuild>
    <CustomBuild Include="PatternWindow.ui">
      <Filter>Form Files</Filter>
    </CustomBuild>
  </ItemGroup>
  <ItemGroup>
    <ClInclude Include="GeneratedFiles\ui_patternlabelui.h">
      <Filter>Generated Files</Filter>
    </ClInclude>
    <ClInclude Include="algorithm\global_data_holder.h">
      <Filter>algorithm</Filter>
    </ClInclude>
    <ClInclude Include="algorithm\qimdebug.h">
      <Filter>algorithm</Filter>
    </ClInclude>
    <ClInclude Include="algorithm\util.h">
      <Filter>algorithm</Filter>
    </ClInclude>
    <ClInclude Include="algorithm\tinyxml\tinystr.h">
      <Filter>algorithm\tinyxml</Filter>
    </ClInclude>
    <ClInclude Include="algorithm\tinyxml\tinyxml.h">
      <Filter>algorithm\tinyxml</Filter>
    </ClInclude>
    <ClInclude Include="algorithm\ldpMat\half.hpp">
      <Filter>algorithm\ldpmat</Filter>
    </ClInclude>
    <ClInclude Include="algorithm\ldpMat\ldp_basic_mat.h">
      <Filter>algorithm\ldpmat</Filter>
    </ClInclude>
    <ClInclude Include="algorithm\ldpMat\ldp_basic_vec.h">
      <Filter>algorithm\ldpmat</Filter>
    </ClInclude>
    <ClInclude Include="algorithm\ldpMat\ldpdef.h">
      <Filter>algorithm\ldpmat</Filter>
    </ClInclude>
    <ClInclude Include="algorithm\ldpMat\Quaternion.h">
      <Filter>algorithm\ldpmat</Filter>
    </ClInclude>
    <ClInclude Include="ImageViewer.h">
      <Filter>Source Files</Filter>
    </ClInclude>
    <ClInclude Include="algorithm\conv\Convolution_Helper.h">
      <Filter>algorithm\conv</Filter>
    </ClInclude>
    <ClInclude Include="algorithm\conv\ConvolutionPyramid.h">
      <Filter>algorithm\conv</Filter>
    </ClInclude>
    <ClInclude Include="algorithm\conv\ImageData.h">
      <Filter>algorithm\conv</Filter>
    </ClInclude>
    <ClInclude Include="algorithm\PatternImageInfo.h">
      <Filter>algorithm</Filter>
    </ClInclude>
    <ClInclude Include="algorithm\qtxlsx\xlsxabstractooxmlfile.h">
      <Filter>algorithm\qtxlsx</Filter>
    </ClInclude>
    <ClInclude Include="algorithm\qtxlsx\xlsxabstractooxmlfile_p.h">
      <Filter>algorithm\qtxlsx</Filter>
    </ClInclude>
    <ClInclude Include="algorithm\qtxlsx\xlsxabstractsheet.h">
      <Filter>algorithm\qtxlsx</Filter>
    </ClInclude>
    <ClInclude Include="algorithm\qtxlsx\xlsxabstractsheet_p.h">
      <Filter>algorithm\qtxlsx</Filter>
    </ClInclude>
    <ClInclude Include="algorithm\qtxlsx\xlsxcell.h">
      <Filter>algorithm\qtxlsx</Filter>
    </ClInclude>
    <ClInclude Include="algorithm\qtxlsx\xlsxcell_p.h">
      <Filter>algorithm\qtxlsx</Filter>
    </ClInclude>
    <ClInclude Include="algorithm\qtxlsx\xlsxcellformula.h">
      <Filter>algorithm\qtxlsx</Filter>
    </ClInclude>
    <ClInclude Include="algorithm\qtxlsx\xlsxcellformula_p.h">
      <Filter>algorithm\qtxlsx</Filter>
    </ClInclude>
    <ClInclude Include="algorithm\qtxlsx\xlsxcellrange.h">
      <Filter>algorithm\qtxlsx</Filter>
    </ClInclude>
    <ClInclude Include="algorithm\qtxlsx\xlsxcellreference.h">
      <Filter>algorithm\qtxlsx</Filter>
    </ClInclude>
    <ClInclude Include="algorithm\qtxlsx\xlsxchart.h">
      <Filter>algorithm\qtxlsx</Filter>
    </ClInclude>
    <ClInclude Include="algorithm\qtxlsx\xlsxchart_p.h">
      <Filter>algorithm\qtxlsx</Filter>
    </ClInclude>
    <ClInclude Include="algorithm\qtxlsx\xlsxchartsheet.h">
      <Filter>algorithm\qtxlsx</Filter>
    </ClInclude>
    <ClInclude Include="algorithm\qtxlsx\xlsxchartsheet_p.h">
      <Filter>algorithm\qtxlsx</Filter>
    </ClInclude>
    <ClInclude Include="algorithm\qtxlsx\xlsxcolor_p.h">
      <Filter>algorithm\qtxlsx</Filter>
    </ClInclude>
    <ClInclude Include="algorithm\qtxlsx\xlsxconditionalformatting.h">
      <Filter>algorithm\qtxlsx</Filter>
    </ClInclude>
    <ClInclude Include="algorithm\qtxlsx\xlsxconditionalformatting_p.h">
      <Filter>algorithm\qtxlsx</Filter>
    </ClInclude>
    <ClInclude Include="algorithm\qtxlsx\xlsxcontenttypes_p.h">
      <Filter>algorithm\qtxlsx</Filter>
    </ClInclude>
    <ClInclude Include="algorithm\qtxlsx\xlsxdatavalidation.h">
      <Filter>algorithm\qtxlsx</Filter>
    </ClInclude>
    <ClInclude Include="algorithm\qtxlsx\xlsxdatavalidation_p.h">
      <Filter>algorithm\qtxlsx</Filter>
    </ClInclude>
    <ClInclude Include="algorithm\qtxlsx\xlsxdocpropsapp_p.h">
      <Filter>algorithm\qtxlsx</Filter>
    </ClInclude>
    <ClInclude Include="algorithm\qtxlsx\xlsxdocpropscore_p.h">
      <Filter>algorithm\qtxlsx</Filter>
    </ClInclude>
    <ClInclude Include="algorithm\qtxlsx\xlsxdocument_p.h">
      <Filter>algorithm\qtxlsx</Filter>
    </ClInclude>
    <ClInclude Include="algorithm\qtxlsx\xlsxdrawing_p.h">
      <Filter>algorithm\qtxlsx</Filter>
    </ClInclude>
    <ClInclude Include="algorithm\qtxlsx\xlsxdrawinganchor_p.h">
      <Filter>algorithm\qtxlsx</Filter>
    </ClInclude>
    <ClInclude Include="algorithm\qtxlsx\xlsxformat.h">
      <Filter>algorithm\qtxlsx</Filter>
    </ClInclude>
    <ClInclude Include="algorithm\qtxlsx\xlsxformat_p.h">
      <Filter>algorithm\qtxlsx</Filter>
    </ClInclude>
    <ClInclude Include="algorithm\qtxlsx\xlsxglobal.h">
      <Filter>algorithm\qtxlsx</Filter>
    </ClInclude>
    <ClInclude Include="algorithm\qtxlsx\xlsxmediafile_p.h">
      <Filter>algorithm\qtxlsx</Filter>
    </ClInclude>
    <ClInclude Include="algorithm\qtxlsx\xlsxnumformatparser_p.h">
      <Filter>algorithm\qtxlsx</Filter>
    </ClInclude>
    <ClInclude Include="algorithm\qtxlsx\xlsxrelationships_p.h">
      <Filter>algorithm\qtxlsx</Filter>
    </ClInclude>
    <ClInclude Include="algorithm\qtxlsx\xlsxrichstring.h">
      <Filter>algorithm\qtxlsx</Filter>
    </ClInclude>
    <ClInclude Include="algorithm\qtxlsx\xlsxrichstring_p.h">
      <Filter>algorithm\qtxlsx</Filter>
    </ClInclude>
    <ClInclude Include="algorithm\qtxlsx\xlsxsharedstrings_p.h">
      <Filter>algorithm\qtxlsx</Filter>
    </ClInclude>
    <ClInclude Include="algorithm\qtxlsx\xlsxsimpleooxmlfile_p.h">
      <Filter>algorithm\qtxlsx</Filter>
    </ClInclude>
    <ClInclude Include="algorithm\qtxlsx\xlsxstyles_p.h">
      <Filter>algorithm\qtxlsx</Filter>
    </ClInclude>
    <ClInclude Include="algorithm\qtxlsx\xlsxtheme_p.h">
      <Filter>algorithm\qtxlsx</Filter>
    </ClInclude>
    <ClInclude Include="algorithm\qtxlsx\xlsxutility_p.h">
      <Filter>algorithm\qtxlsx</Filter>
    </ClInclude>
    <ClInclude Include="algorithm\qtxlsx\xlsxworkbook.h">
      <Filter>algorithm\qtxlsx</Filter>
    </ClInclude>
    <ClInclude Include="algorithm\qtxlsx\xlsxworkbook_p.h">
      <Filter>algorithm\qtxlsx</Filter>
    </ClInclude>
    <ClInclude Include="algorithm\qtxlsx\xlsxworksheet.h">
      <Filter>algorithm\qtxlsx</Filter>
    </ClInclude>
    <ClInclude Include="algorithm\qtxlsx\xlsxworksheet_p.h">
      <Filter>algorithm\qtxlsx</Filter>
    </ClInclude>
    <ClInclude Include="algorithm\qtxlsx\xlsxzipreader_p.h">
      <Filter>algorithm\qtxlsx</Filter>
    </ClInclude>
    <ClInclude Include="algorithm\qtxlsx\xlsxzipwriter_p.h">
      <Filter>algorithm\qtxlsx</Filter>
    </ClInclude>
    <ClInclude Include="GeneratedFiles\ui_PatternWindow.h">
      <Filter>Generated Files</Filter>
    </ClInclude>
  </ItemGroup>
  <ItemGroup>
    <Image Include="qdarkstyle\rc\up_arrow_disabled.png">
      <Filter>Resource Files</Filter>
    </Image>
    <Image Include="qdarkstyle\rc\Hmovetoolbar.png">
      <Filter>Resource Files</Filter>
    </Image>
    <Image Include="qdarkstyle\rc\stylesheet-branch-end.png">
      <Filter>Resource Files</Filter>
    </Image>
    <Image Include="qdarkstyle\rc\branch_closed-on.png">
      <Filter>Resource Files</Filter>
    </Image>
    <Image Include="qdarkstyle\rc\stylesheet-vline.png">
      <Filter>Resource Files</Filter>
    </Image>
    <Image Include="qdarkstyle\rc\branch_closed.png">
      <Filter>Resource Files</Filter>
    </Image>
    <Image Include="qdarkstyle\rc\branch_open-on.png">
      <Filter>Resource Files</Filter>
    </Image>
    <Image Include="qdarkstyle\rc\transparent.png">
      <Filter>Resource Files</Filter>
    </Image>
    <Image Include="qdarkstyle\rc\right_arrow_disabled.png">
      <Filter>Resource Files</Filter>
    </Image>
    <Image Include="qdarkstyle\rc\sizegrip.png">
      <Filter>Resource Files</Filter>
    </Image>
    <Image Include="qdarkstyle\rc\close.png">
      <Filter>Resource Files</Filter>
    </Image>
    <Image Include="qdarkstyle\rc\close-hover.png">
      <Filter>Resource Files</Filter>
    </Image>
    <Image Include="qdarkstyle\rc\close-pressed.png">
      <Filter>Resource Files</Filter>
    </Image>
    <Image Include="qdarkstyle\rc\down_arrow.png">
      <Filter>Resource Files</Filter>
    </Image>
    <Image Include="qdarkstyle\rc\Vmovetoolbar.png">
      <Filter>Resource Files</Filter>
    </Image>
    <Image Include="qdarkstyle\rc\left_arrow.png">
      <Filter>Resource Files</Filter>
    </Image>
    <Image Include="qdarkstyle\rc\stylesheet-branch-more.png">
      <Filter>Resource Files</Filter>
    </Image>
    <Image Include="qdarkstyle\rc\up_arrow.png">
      <Filter>Resource Files</Filter>
    </Image>
    <Image Include="qdarkstyle\rc\right_arrow.png">
      <Filter>Resource Files</Filter>
    </Image>
    <Image Include="qdarkstyle\rc\left_arrow_disabled.png">
      <Filter>Resource Files</Filter>
    </Image>
    <Image Include="qdarkstyle\rc\Hsepartoolbar.png">
      <Filter>Resource Files</Filter>
    </Image>
    <Image Include="qdarkstyle\rc\branch_open.png">
      <Filter>Resource Files</Filter>
    </Image>
    <Image Include="qdarkstyle\rc\Vsepartoolbar.png">
      <Filter>Resource Files</Filter>
    </Image>
    <Image Include="qdarkstyle\rc\down_arrow_disabled.png">
      <Filter>Resource Files</Filter>
    </Image>
    <Image Include="qdarkstyle\rc\undock.png">
      <Filter>Resource Files</Filter>
    </Image>
    <Image Include="qdarkstyle\rc\checkbox_checked_disabled.png">
      <Filter>Resource Files</Filter>
    </Image>
    <Image Include="qdarkstyle\rc\checkbox_checked_focus.png">
      <Filter>Resource Files</Filter>
    </Image>
    <Image Include="qdarkstyle\rc\checkbox_checked.png">
      <Filter>Resource Files</Filter>
    </Image>
    <Image Include="qdarkstyle\rc\checkbox_indeterminate.png">
      <Filter>Resource Files</Filter>
    </Image>
    <Image Include="qdarkstyle\rc\checkbox_indeterminate_focus.png">
      <Filter>Resource Files</Filter>
    </Image>
    <Image Include="qdarkstyle\rc\checkbox_unchecked_disabled.png">
      <Filter>Resource Files</Filter>
    </Image>
    <Image Include="qdarkstyle\rc\checkbox_unchecked_focus.png">
      <Filter>Resource Files</Filter>
    </Image>
    <Image Include="qdarkstyle\rc\checkbox_unchecked.png">
      <Filter>Resource Files</Filter>
    </Image>
    <Image Include="qdarkstyle\rc\radio_checked_disabled.png">
      <Filter>Resource Files</Filter>
    </Image>
    <Image Include="qdarkstyle\rc\radio_checked_focus.png">
      <Filter>Resource Files</Filter>
    </Image>
    <Image Include="qdarkstyle\rc\radio_checked.png">
      <Filter>Resource Files</Filter>
    </Image>
    <Image Include="qdarkstyle\rc\radio_unchecked_disabled.png">
      <Filter>Resource Files</Filter>
    </Image>
    <Image Include="qdarkstyle\rc\radio_unchecked_focus.png">
      <Filter>Resource Files</Filter>
    </Image>
    <Image Include="qdarkstyle\rc\radio_unchecked.png">
      <Filter>Resource Files</Filter>
    </Image>
  </ItemGroup>
  <ItemGroup>
    <None Include="qdarkstyle\style.qss">
      <Filter>Resource Files</Filter>
    </None>
  </ItemGroup>
</Project>